
Microsoft Visual Studio Solution File, Format Version 12.00
# Visual Studio 15
VisualStudioVersion = 15.0.28010.2050
MinimumVisualStudioVersion = 10.0.40219.1
Project("{FAE04EC0-301F-11D3-BF4B-00C04F79EFBC}") = "Randevu Sistemi", "Randevu Sistemi\Randevu Sistemi.csproj", "{D4452AFD-C26B-4656-843E-AF251F2AD579}"
EndProject
Global
	GlobalSection(SolutionConfigurationPlatforms) = preSolution
		Debug|Any CPU = Debug|Any CPU
		Release|Any CPU = Release|Any CPU
	EndGlobalSection
	GlobalSection(ProjectConfigurationPlatforms) = postSolution
		{D4452AFD-C26B-4656-843E-AF251F2AD579}.Debug|Any CPU.ActiveCfg = Debug|Any CPU
		{D4452AFD-C26B-4656-843E-AF251F2AD579}.Debug|Any CPU.Build.0 = Debug|Any CPU
		{D4452AFD-C26B-4656-843E-AF251F2AD579}.Release|Any CPU.ActiveCfg = Release|Any CPU
		{D4452AFD-C26B-4656-843E-AF251F2AD579}.Release|Any CPU.Build.0 = Release|Any CPU
	EndGlobalSection
	GlobalSection(SolutionProperties) = preSolution
		HideSolutionNode = FALSE
	EndGlobalSection
	GlobalSection(ExtensibilityGlobals) = postSolution
		SolutionGuid = {EA87ACB5-6767-486C-BCA9-24E926AC534A}
	EndGlobalSection
EndGlobal
